PODS:
  - Alamofire (4.8.1)
  - AlamofireNetworkActivityIndicator (2.3.0):
    - Alamofire (~> 4.7)
  - IQKeyboardManagerSwift (6.2.0)
  - Kingfisher (4.10.1)
  - MarqueeLabel/Swift (3.2.0)
  - NotificationBannerSwift (1.6.3):
    - MarqueeLabel/Swift
    - SnapKit (~> 4.0)
  - SnapKit (4.2.0)
  - SwiftLint (0.30.1)
  - SwiftyJSON (4.2.0)
  - TBEmptyDataSet (2.9)

DEPENDENCIES:
  - Alamofire (~> 4.7)
  - AlamofireNetworkActivityIndicator (~> 2.2)
  - IQKeyboardManagerSwift
  - Kingfisher (~> 4)
  - NotificationBannerSwift (~> 1.6.2)
  - SwiftLint
  - SwiftyJSON (~> 4.0)
  - TBEmptyDataSet

SPEC REPOS:
  https://github.com/cocoapods/specs.git:
    - Alamofire
    - AlamofireNetworkActivityIndicator
    - IQKeyboardManagerSwift
    - Kingfisher
    - MarqueeLabel
    - NotificationBannerSwift
    - SnapKit
    - SwiftLint
    - SwiftyJSON
    - TBEmptyDataSet

SPEC CHECKSUMS:
  Alamofire: 16ce2c353fb72865124ddae8a57c5942388f4f11
  AlamofireNetworkActivityIndicator: 18346ff6d770d9513d0ac6f2d99706f40f93dbaa
  IQKeyboardManagerSwift: b07ccf9d8cafe993dcd6cb794eb4ba34611a0c4e
  Kingfisher: c148cd7b47ebde9989f6bc7c27dcaa79d81279a0
  MarqueeLabel: 440a502b91a9179bd98f9fff00ba1150650a1c0e
  NotificationBannerSwift: b231e4c3244848ef300e1c53ce027b9756b9b06f
  SnapKit: fe8a619752f3f27075cc9a90244d75c6c3f27e2a
  SwiftLint: a54bf1fe12b55c68560eb2a7689dfc81458508f7
  SwiftyJSON: c4bcba26dd9ec7a027fc8eade48e2c911f229e96
  TBEmptyDataSet: 00d37512ef76d8ceed9f4dfb3ce23fdb8951e7a1

PODFILE CHECKSUM: f7a54a227aa8fda8916a3aa439211aee9018f168

COCOAPODS: 1.6.0
