// !$*UTF8*$!
{
	archiveVersion = 1;
	classes = {
	};
	objectVersion = 50;
	objects = {

/* Begin PBXBuildFile section */
		1B4CD83E3C20540272E95E0B /* Pods_CMoviezUITests.framework in Frameworks */ = {isa = PBXBuildFile; fileRef = B21E1629810D12EA61DE18A0 /* Pods_CMoviezUITests.framework */; };
		43221AF4208C64F40086D9E3 /* UIColor+Extensions.swift in Sources */ = {isa = PBXBuildFile; fileRef = 43221AF3208C64F40086D9E3 /* UIColor+Extensions.swift */; };
		43366E17208EF46A0083533E /* CFlixDefaultWrappers.swift in Sources */ = {isa = PBXBuildFile; fileRef = 43366E16208EF46A0083533E /* CFlixDefaultWrappers.swift */; };
		433B293E20889CB0000F2808 /* SplashScreen.storyboard in Resources */ = {isa = PBXBuildFile; fileRef = 433B293D20889CB0000F2808 /* SplashScreen.storyboard */; };
		433B294320889F50000F2808 /* Careemovies—Splash@2x.png in Resources */ = {isa = PBXBuildFile; fileRef = 433B294020889F50000F2808 /* Careemovies—Splash@2x.png */; };
		433B294420889F50000F2808 /* Careemovies—Splash@3x.png in Resources */ = {isa = PBXBuildFile; fileRef = 433B294120889F50000F2808 /* Careemovies—Splash@3x.png */; };
		433B294520889F50000F2808 /* Careemovies—Splash.png in Resources */ = {isa = PBXBuildFile; fileRef = 433B294220889F50000F2808 /* Careemovies—Splash.png */; };
		433B29482088A3F8000F2808 /* Connectivity.swift in Sources */ = {isa = PBXBuildFile; fileRef = 433B29472088A3F8000F2808 /* Connectivity.swift */; };
		4341E23B2084BE3E000F6F2D /* AppDelegate.swift in Sources */ = {isa = PBXBuildFile; fileRef = 4341E23A2084BE3E000F6F2D /* AppDelegate.swift */; };
		4341E2402084BE3E000F6F2D /* Main.storyboard in Resources */ = {isa = PBXBuildFile; fileRef = 4341E23E2084BE3E000F6F2D /* Main.storyboard */; };
		4341E2422084BE3F000F6F2D /* Assets.xcassets in Resources */ = {isa = PBXBuildFile; fileRef = 4341E2412084BE3F000F6F2D /* Assets.xcassets */; };
		4341E2502084BE3F000F6F2D /* CMoviezTests.swift in Sources */ = {isa = PBXBuildFile; fileRef = 4341E24F2084BE3F000F6F2D /* CMoviezTests.swift */; };
		4341E25B2084BE3F000F6F2D /* CMoviezUITests.swift in Sources */ = {isa = PBXBuildFile; fileRef = 4341E25A2084BE3F000F6F2D /* CMoviezUITests.swift */; };
		4341E26B2084C01B000F6F2D /* CMSearchMovTbCellController.swift in Sources */ = {isa = PBXBuildFile; fileRef = 4341E26A2084C01B000F6F2D /* CMSearchMovTbCellController.swift */; };
		4341E26D2084C037000F6F2D /* CMSearchViewController.swift in Sources */ = {isa = PBXBuildFile; fileRef = 4341E26C2084C036000F6F2D /* CMSearchViewController.swift */; };
		4341E2722084C4D3000F6F2D /* UI-Constants.swift in Sources */ = {isa = PBXBuildFile; fileRef = 4341E2702084C4D3000F6F2D /* UI-Constants.swift */; };
		4341E2732084C4D3000F6F2D /* App-Constants.swift in Sources */ = {isa = PBXBuildFile; fileRef = 4341E2712084C4D3000F6F2D /* App-Constants.swift */; };
		43D99FD420871E2A0091F1F1 /* CMSearchRecentHistoryTbCellController.swift in Sources */ = {isa = PBXBuildFile; fileRef = 43D99FD320871E2A0091F1F1 /* CMSearchRecentHistoryTbCellController.swift */; };
		43EDB02A2085CBAE00034353 /* UIViewController+Extensions.swift in Sources */ = {isa = PBXBuildFile; fileRef = 43EDB0292085CBAE00034353 /* UIViewController+Extensions.swift */; };
		43EDB02E208619A100034353 /* LocalDB.xcdatamodeld in Sources */ = {isa = PBXBuildFile; fileRef = 43EDB02C208619A100034353 /* LocalDB.xcdatamodeld */; };
		7A0E76E236296822BFB160BA /* Pods_CMoviez.framework in Frameworks */ = {isa = PBXBuildFile; fileRef = F5652AFC926F719F0E8AEFCF /* Pods_CMoviez.framework */; };
		D9EEB1C83B59D13E860CA92D /* Pods_CMoviezTests.framework in Frameworks */ = {isa = PBXBuildFile; fileRef = 1D79FD30190AFAD018993880 /* Pods_CMoviezTests.framework */; };
/* End PBXBuildFile section */

/* Begin PBXContainerItemProxy section */
		4341E24C2084BE3F000F6F2D /* PBXContainerItemProxy */ = {
			isa = PBXContainerItemProxy;
			containerPortal = 4341E22F2084BE3D000F6F2D /* Project object */;
			proxyType = 1;
			remoteGlobalIDString = 4341E2362084BE3E000F6F2D;
			remoteInfo = CMoviez;
		};
		4341E2572084BE3F000F6F2D /* PBXContainerItemProxy */ = {
			isa = PBXContainerItemProxy;
			containerPortal = 4341E22F2084BE3D000F6F2D /* Project object */;
			proxyType = 1;
			remoteGlobalIDString = 4341E2362084BE3E000F6F2D;
			remoteInfo = CMoviez;
		};
/* End PBXContainerItemProxy section */

/* Begin PBXFileReference section */
		0D41F2F4BB2510A9025A091D /* Pods-CMoviezUITests.debug.xcconfig */ = {isa = PBXFileReference; includeInIndex = 1; lastKnownFileType = text.xcconfig; name = "Pods-CMoviezUITests.debug.xcconfig"; path = "Pods/Target Support Files/Pods-CMoviezUITests/Pods-CMoviezUITests.debug.xcconfig"; sourceTree = "<group>"; };
		1D79FD30190AFAD018993880 /* Pods_CMoviezTests.framework */ = {isa = PBXFileReference; explicitFileType = wrapper.framework; includeInIndex = 0; path = Pods_CMoviezTests.framework; sourceTree = BUILT_PRODUCTS_DIR; };
		43221AF3208C64F40086D9E3 /* UIColor+Extensions.swift */ = {isa = PBXFileReference; lastKnownFileType = sourcecode.swift; path = "UIColor+Extensions.swift"; sourceTree = "<group>"; };
		43366E16208EF46A0083533E /* CFlixDefaultWrappers.swift */ = {isa = PBXFileReference; lastKnownFileType = sourcecode.swift; path = CFlixDefaultWrappers.swift; sourceTree = "<group>"; };
		433B293D20889CB0000F2808 /* SplashScreen.storyboard */ = {isa = PBXFileReference; lastKnownFileType = file.storyboard; path = SplashScreen.storyboard; sourceTree = "<group>"; };
		433B294020889F50000F2808 /* Careemovies—Splash@2x.png */ = {isa = PBXFileReference; lastKnownFileType = image.png; path = "Careemovies—Splash@2x.png"; sourceTree = "<group>"; };
		433B294120889F50000F2808 /* Careemovies—Splash@3x.png */ = {isa = PBXFileReference; lastKnownFileType = image.png; path = "Careemovies—Splash@3x.png"; sourceTree = "<group>"; };
		433B294220889F50000F2808 /* Careemovies—Splash.png */ = {isa = PBXFileReference; lastKnownFileType = image.png; path = "Careemovies—Splash.png"; sourceTree = "<group>"; };
		433B29472088A3F8000F2808 /* Connectivity.swift */ = {isa = PBXFileReference; lastKnownFileType = sourcecode.swift; path = Connectivity.swift; sourceTree = "<group>"; };
		4341E2372084BE3E000F6F2D /* CMoviez.app */ = {isa = PBXFileReference; explicitFileType = wrapper.application; includeInIndex = 0; path = CMoviez.app; sourceTree = BUILT_PRODUCTS_DIR; };
		4341E23A2084BE3E000F6F2D /* AppDelegate.swift */ = {isa = PBXFileReference; lastKnownFileType = sourcecode.swift; path = AppDelegate.swift; sourceTree = "<group>"; };
		4341E23F2084BE3E000F6F2D /* Base */ = {isa = PBXFileReference; lastKnownFileType = file.storyboard; name = Base; path = Base.lproj/Main.storyboard; sourceTree = "<group>"; };
		4341E2412084BE3F000F6F2D /* Assets.xcassets */ = {isa = PBXFileReference; lastKnownFileType = folder.assetcatalog; path = Assets.xcassets; sourceTree = "<group>"; };
		4341E2462084BE3F000F6F2D /* Info.plist */ = {isa = PBXFileReference; lastKnownFileType = text.plist.xml; path = Info.plist; sourceTree = "<group>"; };
		4341E24B2084BE3F000F6F2D /* CMoviezTests.xctest */ = {isa = PBXFileReference; explicitFileType = wrapper.cfbundle; includeInIndex = 0; path = CMoviezTests.xctest; sourceTree = BUILT_PRODUCTS_DIR; };
		4341E24F2084BE3F000F6F2D /* CMoviezTests.swift */ = {isa = PBXFileReference; lastKnownFileType = sourcecode.swift; path = CMoviezTests.swift; sourceTree = "<group>"; };
		4341E2512084BE3F000F6F2D /* Info.plist */ = {isa = PBXFileReference; lastKnownFileType = text.plist.xml; path = Info.plist; sourceTree = "<group>"; };
		4341E2562084BE3F000F6F2D /* CMoviezUITests.xctest */ = {isa = PBXFileReference; explicitFileType = wrapper.cfbundle; includeInIndex = 0; path = CMoviezUITests.xctest; sourceTree = BUILT_PRODUCTS_DIR; };
		4341E25A2084BE3F000F6F2D /* CMoviezUITests.swift */ = {isa = PBXFileReference; lastKnownFileType = sourcecode.swift; path = CMoviezUITests.swift; sourceTree = "<group>"; };
		4341E25C2084BE3F000F6F2D /* Info.plist */ = {isa = PBXFileReference; lastKnownFileType = text.plist.xml; path = Info.plist; sourceTree = "<group>"; };
		4341E26A2084C01B000F6F2D /* CMSearchMovTbCellController.swift */ = {isa = PBXFileReference; lastKnownFileType = sourcecode.swift; path = CMSearchMovTbCellController.swift; sourceTree = "<group>"; };
		4341E26C2084C036000F6F2D /* CMSearchViewController.swift */ = {isa = PBXFileReference; lastKnownFileType = sourcecode.swift; path = CMSearchViewController.swift; sourceTree = "<group>"; };
		4341E2702084C4D3000F6F2D /* UI-Constants.swift */ = {isa = PBXFileReference; fileEncoding = 4; lastKnownFileType = sourcecode.swift; path = "UI-Constants.swift"; sourceTree = "<group>"; };
		4341E2712084C4D3000F6F2D /* App-Constants.swift */ = {isa = PBXFileReference; fileEncoding = 4; lastKnownFileType = sourcecode.swift; path = "App-Constants.swift"; sourceTree = "<group>"; };
		43D99FD320871E2A0091F1F1 /* CMSearchRecentHistoryTbCellController.swift */ = {isa = PBXFileReference; lastKnownFileType = sourcecode.swift; path = CMSearchRecentHistoryTbCellController.swift; sourceTree = "<group>"; };
		43EDB0292085CBAE00034353 /* UIViewController+Extensions.swift */ = {isa = PBXFileReference; lastKnownFileType = sourcecode.swift; path = "UIViewController+Extensions.swift"; sourceTree = "<group>"; };
		43EDB02D208619A100034353 /* LocalDB.xcdatamodel */ = {isa = PBXFileReference; lastKnownFileType = wrapper.xcdatamodel; path = LocalDB.xcdatamodel; sourceTree = "<group>"; };
		98D75E125D9A3865CE9C5A36 /* Pods-CMoviez.release.xcconfig */ = {isa = PBXFileReference; includeInIndex = 1; lastKnownFileType = text.xcconfig; name = "Pods-CMoviez.release.xcconfig"; path = "Pods/Target Support Files/Pods-CMoviez/Pods-CMoviez.release.xcconfig"; sourceTree = "<group>"; };
		9F7ED800A551CABC147EE049 /* Pods-CMoviezUITests.release.xcconfig */ = {isa = PBXFileReference; includeInIndex = 1; lastKnownFileType = text.xcconfig; name = "Pods-CMoviezUITests.release.xcconfig"; path = "Pods/Target Support Files/Pods-CMoviezUITests/Pods-CMoviezUITests.release.xcconfig"; sourceTree = "<group>"; };
		B21E1629810D12EA61DE18A0 /* Pods_CMoviezUITests.framework */ = {isa = PBXFileReference; explicitFileType = wrapper.framework; includeInIndex = 0; path = Pods_CMoviezUITests.framework; sourceTree = BUILT_PRODUCTS_DIR; };
		CCEA9B3C2A6145D0696BA3BB /* Pods-CMoviezTests.debug.xcconfig */ = {isa = PBXFileReference; includeInIndex = 1; lastKnownFileType = text.xcconfig; name = "Pods-CMoviezTests.debug.xcconfig"; path = "Pods/Target Support Files/Pods-CMoviezTests/Pods-CMoviezTests.debug.xcconfig"; sourceTree = "<group>"; };
		D11E7F0910367536648959A8 /* Pods-CMoviez.debug.xcconfig */ = {isa = PBXFileReference; includeInIndex = 1; lastKnownFileType = text.xcconfig; name = "Pods-CMoviez.debug.xcconfig"; path = "Pods/Target Support Files/Pods-CMoviez/Pods-CMoviez.debug.xcconfig"; sourceTree = "<group>"; };
		E70E9862B16BBEDA67026A40 /* Pods-CMoviezTests.release.xcconfig */ = {isa = PBXFileReference; includeInIndex = 1; lastKnownFileType = text.xcconfig; name = "Pods-CMoviezTests.release.xcconfig"; path = "Pods/Target Support Files/Pods-CMoviezTests/Pods-CMoviezTests.release.xcconfig"; sourceTree = "<group>"; };
		F5652AFC926F719F0E8AEFCF /* Pods_CMoviez.framework */ = {isa = PBXFileReference; explicitFileType = wrapper.framework; includeInIndex = 0; path = Pods_CMoviez.framework; sourceTree = BUILT_PRODUCTS_DIR; };
/* End PBXFileReference section */

/* Begin PBXFrameworksBuildPhase section */
		4341E2342084BE3E000F6F2D /* Frameworks */ = {
			isa = PBXFrameworksBuildPhase;
			buildActionMask = 2147483647;
			files = (
				7A0E76E236296822BFB160BA /* Pods_CMoviez.framework in Frameworks */,
			);
			runOnlyForDeploymentPostprocessing = 0;
		};
		4341E2482084BE3F000F6F2D /* Frameworks */ = {
			isa = PBXFrameworksBuildPhase;
			buildActionMask = 2147483647;
			files = (
				D9EEB1C83B59D13E860CA92D /* Pods_CMoviezTests.framework in Frameworks */,
			);
			runOnlyForDeploymentPostprocessing = 0;
		};
		4341E2532084BE3F000F6F2D /* Frameworks */ = {
			isa = PBXFrameworksBuildPhase;
			buildActionMask = 2147483647;
			files = (
				1B4CD83E3C20540272E95E0B /* Pods_CMoviezUITests.framework in Frameworks */,
			);
			runOnlyForDeploymentPostprocessing = 0;
		};
/* End PBXFrameworksBuildPhase section */

/* Begin PBXGroup section */
		3ADC6C0001A41722F73317FF /* Pods */ = {
			isa = PBXGroup;
			children = (
				D11E7F0910367536648959A8 /* Pods-CMoviez.debug.xcconfig */,
				98D75E125D9A3865CE9C5A36 /* Pods-CMoviez.release.xcconfig */,
				CCEA9B3C2A6145D0696BA3BB /* Pods-CMoviezTests.debug.xcconfig */,
				E70E9862B16BBEDA67026A40 /* Pods-CMoviezTests.release.xcconfig */,
				0D41F2F4BB2510A9025A091D /* Pods-CMoviezUITests.debug.xcconfig */,
				9F7ED800A551CABC147EE049 /* Pods-CMoviezUITests.release.xcconfig */,
			);
			name = Pods;
			sourceTree = "<group>";
		};
		43366E15208EF41D0083533E /* Utilities */ = {
			isa = PBXGroup;
			children = (
				43366E16208EF46A0083533E /* CFlixDefaultWrappers.swift */,
			);
			path = Utilities;
			sourceTree = "<group>";
		};
		433B293F20889F3C000F2808 /* LocalImages */ = {
			isa = PBXGroup;
			children = (
				433B294220889F50000F2808 /* Careemovies—Splash.png */,
				433B294020889F50000F2808 /* Careemovies—Splash@2x.png */,
				433B294120889F50000F2808 /* Careemovies—Splash@3x.png */,
			);
			path = LocalImages;
			sourceTree = "<group>";
		};
		433B29462088A3E1000F2808 /* Reachability */ = {
			isa = PBXGroup;
			children = (
				433B29472088A3F8000F2808 /* Connectivity.swift */,
			);
			path = Reachability;
			sourceTree = "<group>";
		};
		4341E22E2084BE3D000F6F2D = {
			isa = PBXGroup;
			children = (
				4341E2392084BE3E000F6F2D /* CMoviez */,
				4341E24E2084BE3F000F6F2D /* CMoviezTests */,
				4341E2592084BE3F000F6F2D /* CMoviezUITests */,
				4341E2382084BE3E000F6F2D /* Products */,
				3ADC6C0001A41722F73317FF /* Pods */,
				906ED03ABAC358BF3C46C9D9 /* Frameworks */,
			);
			sourceTree = "<group>";
		};
		4341E2382084BE3E000F6F2D /* Products */ = {
			isa = PBXGroup;
			children = (
				4341E2372084BE3E000F6F2D /* CMoviez.app */,
				4341E24B2084BE3F000F6F2D /* CMoviezTests.xctest */,
				4341E2562084BE3F000F6F2D /* CMoviezUITests.xctest */,
			);
			name = Products;
			sourceTree = "<group>";
		};
		4341E2392084BE3E000F6F2D /* CMoviez */ = {
			isa = PBXGroup;
			children = (
				433B293F20889F3C000F2808 /* LocalImages */,
				43EDB02B208618BC00034353 /* LocalStorage */,
				43EDB0272085CB7000034353 /* Helpers */,
				4341E2692084BFE6000F6F2D /* Search */,
				4341E23A2084BE3E000F6F2D /* AppDelegate.swift */,
				4341E23E2084BE3E000F6F2D /* Main.storyboard */,
				4341E2412084BE3F000F6F2D /* Assets.xcassets */,
				4341E2462084BE3F000F6F2D /* Info.plist */,
				433B293D20889CB0000F2808 /* SplashScreen.storyboard */,
			);
			path = CMoviez;
			sourceTree = "<group>";
		};
		4341E24E2084BE3F000F6F2D /* CMoviezTests */ = {
			isa = PBXGroup;
			children = (
				4341E24F2084BE3F000F6F2D /* CMoviezTests.swift */,
				4341E2512084BE3F000F6F2D /* Info.plist */,
			);
			path = CMoviezTests;
			sourceTree = "<group>";
		};
		4341E2592084BE3F000F6F2D /* CMoviezUITests */ = {
			isa = PBXGroup;
			children = (
				4341E25A2084BE3F000F6F2D /* CMoviezUITests.swift */,
				4341E25C2084BE3F000F6F2D /* Info.plist */,
			);
			path = CMoviezUITests;
			sourceTree = "<group>";
		};
		4341E2682084BFAD000F6F2D /* Constants */ = {
			isa = PBXGroup;
			children = (
				4341E2712084C4D3000F6F2D /* App-Constants.swift */,
				4341E2702084C4D3000F6F2D /* UI-Constants.swift */,
			);
			path = Constants;
			sourceTree = "<group>";
		};
		4341E2692084BFE6000F6F2D /* Search */ = {
			isa = PBXGroup;
			children = (
				4341E26A2084C01B000F6F2D /* CMSearchMovTbCellController.swift */,
				4341E26C2084C036000F6F2D /* CMSearchViewController.swift */,
				43D99FD320871E2A0091F1F1 /* CMSearchRecentHistoryTbCellController.swift */,
			);
			path = Search;
			sourceTree = "<group>";
		};
		43EDB0272085CB7000034353 /* Helpers */ = {
			isa = PBXGroup;
			children = (
				43366E15208EF41D0083533E /* Utilities */,
				433B29462088A3E1000F2808 /* Reachability */,
				43EDB0282085CB7A00034353 /* Extensions */,
				4341E2682084BFAD000F6F2D /* Constants */,
			);
			path = Helpers;
			sourceTree = "<group>";
		};
		43EDB0282085CB7A00034353 /* Extensions */ = {
			isa = PBXGroup;
			children = (
				43EDB0292085CBAE00034353 /* UIViewController+Extensions.swift */,
				43221AF3208C64F40086D9E3 /* UIColor+Extensions.swift */,
			);
			path = Extensions;
			sourceTree = "<group>";
		};
		43EDB02B208618BC00034353 /* LocalStorage */ = {
			isa = PBXGroup;
			children = (
				43EDB02C208619A100034353 /* LocalDB.xcdatamodeld */,
			);
			path = LocalStorage;
			sourceTree = "<group>";
		};
		906ED03ABAC358BF3C46C9D9 /* Frameworks */ = {
			isa = PBXGroup;
			children = (
				F5652AFC926F719F0E8AEFCF /* Pods_CMoviez.framework */,
				1D79FD30190AFAD018993880 /* Pods_CMoviezTests.framework */,
				B21E1629810D12EA61DE18A0 /* Pods_CMoviezUITests.framework */,
			);
			name = Frameworks;
			sourceTree = "<group>";
		};
/* End PBXGroup section */

/* Begin PBXNativeTarget section */
		4341E2362084BE3E000F6F2D /* CMoviez */ = {
			isa = PBXNativeTarget;
			buildConfigurationList = 4341E25F2084BE3F000F6F2D /* Build configuration list for PBXNativeTarget "CMoviez" */;
			buildPhases = (
				326D4622DFC93403E9D2E3EB /* [CP] Check Pods Manifest.lock */,
				4341E2332084BE3E000F6F2D /* Sources */,
				4341E2342084BE3E000F6F2D /* Frameworks */,
				4341E2352084BE3E000F6F2D /* Resources */,
				415DBD39FEEA2028F96B3BD9 /* [CP] Embed Pods Frameworks */,
			);
			buildRules = (
			);
			dependencies = (
			);
			name = CMoviez;
			productName = CMoviez;
			productReference = 4341E2372084BE3E000F6F2D /* CMoviez.app */;
			productType = "com.apple.product-type.application";
		};
		4341E24A2084BE3F000F6F2D /* CMoviezTests */ = {
			isa = PBXNativeTarget;
			buildConfigurationList = 4341E2622084BE3F000F6F2D /* Build configuration list for PBXNativeTarget "CMoviezTests" */;
			buildPhases = (
				0831B1D6E93687CEF71C265C /* [CP] Check Pods Manifest.lock */,
				4341E2472084BE3F000F6F2D /* Sources */,
				4341E2482084BE3F000F6F2D /* Frameworks */,
				4341E2492084BE3F000F6F2D /* Resources */,
			);
			buildRules = (
			);
			dependencies = (
				4341E24D2084BE3F000F6F2D /* PBXTargetDependency */,
			);
			name = CMoviezTests;
			productName = CMoviezTests;
			productReference = 4341E24B2084BE3F000F6F2D /* CMoviezTests.xctest */;
			productType = "com.apple.product-type.bundle.unit-test";
		};
		4341E2552084BE3F000F6F2D /* CMoviezUITests */ = {
			isa = PBXNativeTarget;
			buildConfigurationList = 4341E2652084BE3F000F6F2D /* Build configuration list for PBXNativeTarget "CMoviezUITests" */;
			buildPhases = (
				92BBAD95E0C3097D359F171D /* [CP] Check Pods Manifest.lock */,
				4341E2522084BE3F000F6F2D /* Sources */,
				4341E2532084BE3F000F6F2D /* Frameworks */,
				4341E2542084BE3F000F6F2D /* Resources */,
			);
			buildRules = (
			);
			dependencies = (
				4341E2582084BE3F000F6F2D /* PBXTargetDependency */,
			);
			name = CMoviezUITests;
			productName = CMoviezUITests;
			productReference = 4341E2562084BE3F000F6F2D /* CMoviezUITests.xctest */;
			productType = "com.apple.product-type.bundle.ui-testing";
		};
/* End PBXNativeTarget section */

/* Begin PBXProject section */
		4341E22F2084BE3D000F6F2D /* Project object */ = {
			isa = PBXProject;
			attributes = {
				LastSwiftUpdateCheck = 0930;
				LastUpgradeCheck = 0930;
				ORGANIZATIONNAME = "Jobins John";
				TargetAttributes = {
					4341E2362084BE3E000F6F2D = {
						CreatedOnToolsVersion = 9.3;
					};
					4341E24A2084BE3F000F6F2D = {
						CreatedOnToolsVersion = 9.3;
						TestTargetID = 4341E2362084BE3E000F6F2D;
					};
					4341E2552084BE3F000F6F2D = {
						CreatedOnToolsVersion = 9.3;
						TestTargetID = 4341E2362084BE3E000F6F2D;
					};
				};
			};
			buildConfigurationList = 4341E2322084BE3D000F6F2D /* Build configuration list for PBXProject "CMoviez" */;
			compatibilityVersion = "Xcode 9.3";
			developmentRegion = en;
			hasScannedForEncodings = 0;
			knownRegions = (
				en,
				Base,
			);
			mainGroup = 4341E22E2084BE3D000F6F2D;
			productRefGroup = 4341E2382084BE3E000F6F2D /* Products */;
			projectDirPath = "";
			projectRoot = "";
			targets = (
				4341E2362084BE3E000F6F2D /* CMoviez */,
				4341E24A2084BE3F000F6F2D /* CMoviezTests */,
				4341E2552084BE3F000F6F2D /* CMoviezUITests */,
			);
		};
/* End PBXProject section */

/* Begin PBXResourcesBuildPhase section */
		4341E2352084BE3E000F6F2D /* Resources */ = {
			isa = PBXResourcesBuildPhase;
			buildActionMask = 2147483647;
			files = (
				433B294320889F50000F2808 /* Careemovies—Splash@2x.png in Resources */,
				433B294520889F50000F2808 /* Careemovies—Splash.png in Resources */,
				433B294420889F50000F2808 /* Careemovies—Splash@3x.png in Resources */,
				4341E2422084BE3F000F6F2D /* Assets.xcassets in Resources */,
				433B293E20889CB0000F2808 /* SplashScreen.storyboard in Resources */,
				4341E2402084BE3E000F6F2D /* Main.storyboard in Resources */,
			);
			runOnlyForDeploymentPostprocessing = 0;
		};
		4341E2492084BE3F000F6F2D /* Resources */ = {
			isa = PBXResourcesBuildPhase;
			buildActionMask = 2147483647;
			files = (
			);
			runOnlyForDeploymentPostprocessing = 0;
		};
		4341E2542084BE3F000F6F2D /* Resources */ = {
			isa = PBXResourcesBuildPhase;
			buildActionMask = 2147483647;
			files = (
			);
			runOnlyForDeploymentPostprocessing = 0;
		};
/* End PBXResourcesBuildPhase section */

/* Begin PBXShellScriptBuildPhase section */
		0831B1D6E93687CEF71C265C /* [CP] Check Pods Manifest.lock */ = {
			isa = PBXShellScriptBuildPhase;
			buildActionMask = 2147483647;
			files = (
			);
			inputPaths = (
				"${PODS_PODFILE_DIR_PATH}/Podfile.lock",
				"${PODS_ROOT}/Manifest.lock",
			);
			name = "[CP] Check Pods Manifest.lock";
			outputPaths = (
				"$(DERIVED_FILE_DIR)/Pods-CMoviezTests-checkManifestLockResult.txt",
			);
			runOnlyForDeploymentPostprocessing = 0;
			shellPath = /bin/sh;
			shellScript = "diff \"${PODS_PODFILE_DIR_PATH}/Podfile.lock\" \"${PODS_ROOT}/Manifest.lock\" > /dev/null\nif [ $? != 0 ] ; then\n    # print error to STDERR\n    echo \"error: The sandbox is not in sync with the Podfile.lock. Run 'pod install' or update your CocoaPods installation.\" >&2\n    exit 1\nfi\n# This output is used by Xcode 'outputs' to avoid re-running this script phase.\necho \"SUCCESS\" > \"${SCRIPT_OUTPUT_FILE_0}\"\n";
			showEnvVarsInLog = 0;
		};
		326D4622DFC93403E9D2E3EB /* [CP] Check Pods Manifest.lock */ = {
			isa = PBXShellScriptBuildPhase;
			buildActionMask = 2147483647;
			files = (
			);
			inputPaths = (
				"${PODS_PODFILE_DIR_PATH}/Podfile.lock",
				"${PODS_ROOT}/Manifest.lock",
			);
			name = "[CP] Check Pods Manifest.lock";
			outputPaths = (
				"$(DERIVED_FILE_DIR)/Pods-CMoviez-checkManifestLockResult.txt",
			);
			runOnlyForDeploymentPostprocessing = 0;
			shellPath = /bin/sh;
			shellScript = "diff \"${PODS_PODFILE_DIR_PATH}/Podfile.lock\" \"${PODS_ROOT}/Manifest.lock\" > /dev/null\nif [ $? != 0 ] ; then\n    # print error to STDERR\n    echo \"error: The sandbox is not in sync with the Podfile.lock. Run 'pod install' or update your CocoaPods installation.\" >&2\n    exit 1\nfi\n# This output is used by Xcode 'outputs' to avoid re-running this script phase.\necho \"SUCCESS\" > \"${SCRIPT_OUTPUT_FILE_0}\"\n";
			showEnvVarsInLog = 0;
		};
		415DBD39FEEA2028F96B3BD9 /* [CP] Embed Pods Frameworks */ = {
			isa = PBXShellScriptBuildPhase;
			buildActionMask = 2147483647;
			files = (
			);
			inputPaths = (
				"${SRCROOT}/Pods/Target Support Files/Pods-CMoviez/Pods-CMoviez-frameworks.sh",
				"${BUILT_PRODUCTS_DIR}/Alamofire/Alamofire.framework",
				"${BUILT_PRODUCTS_DIR}/AlamofireNetworkActivityIndicator/AlamofireNetworkActivityIndicator.framework",
				"${BUILT_PRODUCTS_DIR}/IQKeyboardManagerSwift/IQKeyboardManagerSwift.framework",
				"${BUILT_PRODUCTS_DIR}/Kingfisher/Kingfisher.framework",
				"${BUILT_PRODUCTS_DIR}/MarqueeLabel/MarqueeLabel.framework",
				"${BUILT_PRODUCTS_DIR}/NotificationBannerSwift/NotificationBannerSwift.framework",
				"${BUILT_PRODUCTS_DIR}/SnapKit/SnapKit.framework",
				"${BUILT_PRODUCTS_DIR}/SwiftyJSON/SwiftyJSON.framework",
				"${BUILT_PRODUCTS_DIR}/TBEmptyDataSet/TBEmptyDataSet.framework",
			);
			name = "[CP] Embed Pods Frameworks";
			outputPaths = (
				"${TARGET_BUILD_DIR}/${FRAMEWORKS_FOLDER_PATH}/Alamofire.framework",
				"${TARGET_BUILD_DIR}/${FRAMEWORKS_FOLDER_PATH}/AlamofireNetworkActivityIndicator.framework",
				"${TARGET_BUILD_DIR}/${FRAMEWORKS_FOLDER_PATH}/IQKeyboardManagerSwift.framework",
				"${TARGET_BUILD_DIR}/${FRAMEWORKS_FOLDER_PATH}/Kingfisher.framework",
				"${TARGET_BUILD_DIR}/${FRAMEWORKS_FOLDER_PATH}/MarqueeLabel.framework",
				"${TARGET_BUILD_DIR}/${FRAMEWORKS_FOLDER_PATH}/NotificationBannerSwift.framework",
				"${TARGET_BUILD_DIR}/${FRAMEWORKS_FOLDER_PATH}/SnapKit.framework",
				"${TARGET_BUILD_DIR}/${FRAMEWORKS_FOLDER_PATH}/SwiftyJSON.framework",
				"${TARGET_BUILD_DIR}/${FRAMEWORKS_FOLDER_PATH}/TBEmptyDataSet.framework",
			);
			runOnlyForDeploymentPostprocessing = 0;
			shellPath = /bin/sh;
			shellScript = "\"${SRCROOT}/Pods/Target Support Files/Pods-CMoviez/Pods-CMoviez-frameworks.sh\"\n";
			showEnvVarsInLog = 0;
		};
		92BBAD95E0C3097D359F171D /* [CP] Check Pods Manifest.lock */ = {
			isa = PBXShellScriptBuildPhase;
			buildActionMask = 2147483647;
			files = (
			);
			inputPaths = (
				"${PODS_PODFILE_DIR_PATH}/Podfile.lock",
				"${PODS_ROOT}/Manifest.lock",
			);
			name = "[CP] Check Pods Manifest.lock";
			outputPaths = (
				"$(DERIVED_FILE_DIR)/Pods-CMoviezUITests-checkManifestLockResult.txt",
			);
			runOnlyForDeploymentPostprocessing = 0;
			shellPath = /bin/sh;
			shellScript = "diff \"${PODS_PODFILE_DIR_PATH}/Podfile.lock\" \"${PODS_ROOT}/Manifest.lock\" > /dev/null\nif [ $? != 0 ] ; then\n    # print error to STDERR\n    echo \"error: The sandbox is not in sync with the Podfile.lock. Run 'pod install' or update your CocoaPods installation.\" >&2\n    exit 1\nfi\n# This output is used by Xcode 'outputs' to avoid re-running this script phase.\necho \"SUCCESS\" > \"${SCRIPT_OUTPUT_FILE_0}\"\n";
			showEnvVarsInLog = 0;
		};
/* End PBXShellScriptBuildPhase section */

/* Begin PBXSourcesBuildPhase section */
		4341E2332084BE3E000F6F2D /* Sources */ = {
			isa = PBXSourcesBuildPhase;
			buildActionMask = 2147483647;
			files = (
				4341E26D2084C037000F6F2D /* CMSearchViewController.swift in Sources */,
				43221AF4208C64F40086D9E3 /* UIColor+Extensions.swift in Sources */,
				43D99FD420871E2A0091F1F1 /* CMSearchRecentHistoryTbCellController.swift in Sources */,
				433B29482088A3F8000F2808 /* Connectivity.swift in Sources */,
				4341E2732084C4D3000F6F2D /* App-Constants.swift in Sources */,
				43EDB02A2085CBAE00034353 /* UIViewController+Extensions.swift in Sources */,
				4341E26B2084C01B000F6F2D /* CMSearchMovTbCellController.swift in Sources */,
				43366E17208EF46A0083533E /* CFlixDefaultWrappers.swift in Sources */,
				43EDB02E208619A100034353 /* LocalDB.xcdatamodeld in Sources */,
				4341E23B2084BE3E000F6F2D /* AppDelegate.swift in Sources */,
				4341E2722084C4D3000F6F2D /* UI-Constants.swift in Sources */,
			);
			runOnlyForDeploymentPostprocessing = 0;
		};
		4341E2472084BE3F000F6F2D /* Sources */ = {
			isa = PBXSourcesBuildPhase;
			buildActionMask = 2147483647;
			files = (
				4341E2502084BE3F000F6F2D /* CMoviezTests.swift in Sources */,
			);
			runOnlyForDeploymentPostprocessing = 0;
		};
		4341E2522084BE3F000F6F2D /* Sources */ = {
			isa = PBXSourcesBuildPhase;
			buildActionMask = 2147483647;
			files = (
				4341E25B2084BE3F000F6F2D /* CMoviezUITests.swift in Sources */,
			);
			runOnlyForDeploymentPostprocessing = 0;
		};
/* End PBXSourcesBuildPhase section */

/* Begin PBXTargetDependency section */
		4341E24D2084BE3F000F6F2D /* PBXTargetDependency */ = {
			isa = PBXTargetDependency;
			target = 4341E2362084BE3E000F6F2D /* CMoviez */;
			targetProxy = 4341E24C2084BE3F000F6F2D /* PBXContainerItemProxy */;
		};
		4341E2582084BE3F000F6F2D /* PBXTargetDependency */ = {
			isa = PBXTargetDependency;
			target = 4341E2362084BE3E000F6F2D /* CMoviez */;
			targetProxy = 4341E2572084BE3F000F6F2D /* PBXContainerItemProxy */;
		};
/* End PBXTargetDependency section */

/* Begin PBXVariantGroup section */
		4341E23E2084BE3E000F6F2D /* Main.storyboard */ = {
			isa = PBXVariantGroup;
			children = (
				4341E23F2084BE3E000F6F2D /* Base */,
			);
			name = Main.storyboard;
			sourceTree = "<group>";
		};
/* End PBXVariantGroup section */

/* Begin XCBuildConfiguration section */
		4341E25D2084BE3F000F6F2D /* Debug */ = {
			isa = XCBuildConfiguration;
			buildSettings = {
				ALWAYS_SEARCH_USER_PATHS = NO;
				CLANG_ANALYZER_NONNULL = YES;
				CLANG_ANALYZER_NUMBER_OBJECT_CONVERSION = YES_AGGRESSIVE;
				CLANG_CXX_LANGUAGE_STANDARD = "gnu++14";
				CLANG_CXX_LIBRARY = "libc++";
				CLANG_ENABLE_MODULES = YES;
				CLANG_ENABLE_OBJC_ARC = YES;
				CLANG_ENABLE_OBJC_WEAK = YES;
				CLANG_WARN_BLOCK_CAPTURE_AUTORELEASING = YES;
				CLANG_WARN_BOOL_CONVERSION = YES;
				CLANG_WARN_COMMA = YES;
				CLANG_WARN_CONSTANT_CONVERSION = YES;
				CLANG_WARN_DEPRECATED_OBJC_IMPLEMENTATIONS = YES;
				CLANG_WARN_DIRECT_OBJC_ISA_USAGE = YES_ERROR;
				CLANG_WARN_DOCUMENTATION_COMMENTS = YES;
				CLANG_WARN_EMPTY_BODY = YES;
				CLANG_WARN_ENUM_CONVERSION = YES;
				CLANG_WARN_INFINITE_RECURSION = YES;
				CLANG_WARN_INT_CONVERSION = YES;
				CLANG_WARN_NON_LITERAL_NULL_CONVERSION = YES;
				CLANG_WARN_OBJC_IMPLICIT_RETAIN_SELF = YES;
				CLANG_WARN_OBJC_LITERAL_CONVERSION = YES;
				CLANG_WARN_OBJC_ROOT_CLASS = YES_ERROR;
				CLANG_WARN_RANGE_LOOP_ANALYSIS = YES;
				CLANG_WARN_STRICT_PROTOTYPES = YES;
				CLANG_WARN_SUSPICIOUS_MOVE = YES;
				CLANG_WARN_UNGUARDED_AVAILABILITY = YES_AGGRESSIVE;
				CLANG_WARN_UNREACHABLE_CODE = YES;
				CLANG_WARN__DUPLICATE_METHOD_MATCH = YES;
				CODE_SIGN_IDENTITY = "iPhone Developer";
				COPY_PHASE_STRIP = NO;
				DEBUG_INFORMATION_FORMAT = dwarf;
				ENABLE_STRICT_OBJC_MSGSEND = YES;
				ENABLE_TESTABILITY = YES;
				GCC_C_LANGUAGE_STANDARD = gnu11;
				GCC_DYNAMIC_NO_PIC = NO;
				GCC_NO_COMMON_BLOCKS = YES;
				GCC_OPTIMIZATION_LEVEL = 0;
				GCC_PREPROCESSOR_DEFINITIONS = (
					"DEBUG=1",
					"$(inherited)",
				);
				GCC_WARN_64_TO_32_BIT_CONVERSION = YES;
				GCC_WARN_ABOUT_RETURN_TYPE = YES_ERROR;
				GCC_WARN_UNDECLARED_SELECTOR = YES;
				GCC_WARN_UNINITIALIZED_AUTOS = YES_AGGRESSIVE;
				GCC_WARN_UNUSED_FUNCTION = YES;
				GCC_WARN_UNUSED_VARIABLE = YES;
				IPHONEOS_DEPLOYMENT_TARGET = 11.3;
				MTL_ENABLE_DEBUG_INFO = YES;
				ONLY_ACTIVE_ARCH = YES;
				SDKROOT = iphoneos;
				SWIFT_ACTIVE_COMPILATION_CONDITIONS = DEBUG;
				SWIFT_OPTIMIZATION_LEVEL = "-Onone";
			};
			name = Debug;
		};
		4341E25E2084BE3F000F6F2D /* Release */ = {
			isa = XCBuildConfiguration;
			buildSettings = {
				ALWAYS_SEARCH_USER_PATHS = NO;
				CLANG_ANALYZER_NONNULL = YES;
				CLANG_ANALYZER_NUMBER_OBJECT_CONVERSION = YES_AGGRESSIVE;
				CLANG_CXX_LANGUAGE_STANDARD = "gnu++14";
				CLANG_CXX_LIBRARY = "libc++";
				CLANG_ENABLE_MODULES = YES;
				CLANG_ENABLE_OBJC_ARC = YES;
				CLANG_ENABLE_OBJC_WEAK = YES;
				CLANG_WARN_BLOCK_CAPTURE_AUTORELEASING = YES;
				CLANG_WARN_BOOL_CONVERSION = YES;
				CLANG_WARN_COMMA = YES;
				CLANG_WARN_CONSTANT_CONVERSION = YES;
				CLANG_WARN_DEPRECATED_OBJC_IMPLEMENTATIONS = YES;
				CLANG_WARN_DIRECT_OBJC_ISA_USAGE = YES_ERROR;
				CLANG_WARN_DOCUMENTATION_COMMENTS = YES;
				CLANG_WARN_EMPTY_BODY = YES;
				CLANG_WARN_ENUM_CONVERSION = YES;
				CLANG_WARN_INFINITE_RECURSION = YES;
				CLANG_WARN_INT_CONVERSION = YES;
				CLANG_WARN_NON_LITERAL_NULL_CONVERSION = YES;
				CLANG_WARN_OBJC_IMPLICIT_RETAIN_SELF = YES;
				CLANG_WARN_OBJC_LITERAL_CONVERSION = YES;
				CLANG_WARN_OBJC_ROOT_CLASS = YES_ERROR;
				CLANG_WARN_RANGE_LOOP_ANALYSIS = YES;
				CLANG_WARN_STRICT_PROTOTYPES = YES;
				CLANG_WARN_SUSPICIOUS_MOVE = YES;
				CLANG_WARN_UNGUARDED_AVAILABILITY = YES_AGGRESSIVE;
				CLANG_WARN_UNREACHABLE_CODE = YES;
				CLANG_WARN__DUPLICATE_METHOD_MATCH = YES;
				CODE_SIGN_IDENTITY = "iPhone Developer";
				COPY_PHASE_STRIP = NO;
				DEBUG_INFORMATION_FORMAT = "dwarf-with-dsym";
				ENABLE_NS_ASSERTIONS = NO;
				ENABLE_STRICT_OBJC_MSGSEND = YES;
				GCC_C_LANGUAGE_STANDARD = gnu11;
				GCC_NO_COMMON_BLOCKS = YES;
				GCC_WARN_64_TO_32_BIT_CONVERSION = YES;
				GCC_WARN_ABOUT_RETURN_TYPE = YES_ERROR;
				GCC_WARN_UNDECLARED_SELECTOR = YES;
				GCC_WARN_UNINITIALIZED_AUTOS = YES_AGGRESSIVE;
				GCC_WARN_UNUSED_FUNCTION = YES;
				GCC_WARN_UNUSED_VARIABLE = YES;
				IPHONEOS_DEPLOYMENT_TARGET = 11.3;
				MTL_ENABLE_DEBUG_INFO = NO;
				SDKROOT = iphoneos;
				SWIFT_COMPILATION_MODE = wholemodule;
				SWIFT_OPTIMIZATION_LEVEL = "-O";
				VALIDATE_PRODUCT = YES;
			};
			name = Release;
		};
		4341E2602084BE3F000F6F2D /* Debug */ = {
			isa = XCBuildConfiguration;
			baseConfigurationReference = D11E7F0910367536648959A8 /* Pods-CMoviez.debug.xcconfig */;
			buildSettings = {
				ASSETCATALOG_COMPILER_APPICON_NAME = AppIcon;
				CODE_SIGN_IDENTITY = "iPhone Developer";
				CODE_SIGN_STYLE = Automatic;
				DEVELOPMENT_TEAM = 6KE7N9QX2T;
				INFOPLIST_FILE = CMoviez/Info.plist;
				IPHONEOS_DEPLOYMENT_TARGET = 9.0;
				LD_RUNPATH_SEARCH_PATHS = (
					"$(inherited)",
					"@executable_path/Frameworks",
				);
				PRODUCT_BUNDLE_IDENTIFIER = me.jobins.CMoviez;
				PRODUCT_NAME = "$(TARGET_NAME)";
				PROVISIONING_PROFILE = "";
				PROVISIONING_PROFILE_SPECIFIER = "";
				SWIFT_VERSION = 4.0;
				TARGETED_DEVICE_FAMILY = 1;
			};
			name = Debug;
		};
		4341E2612084BE3F000F6F2D /* Release */ = {
			isa = XCBuildConfiguration;
			baseConfigurationReference = 98D75E125D9A3865CE9C5A36 /* Pods-CMoviez.release.xcconfig */;
			buildSettings = {
				ASSETCATALOG_COMPILER_APPICON_NAME = AppIcon;
				CODE_SIGN_IDENTITY = "iPhone Developer";
				CODE_SIGN_STYLE = Automatic;
				DEVELOPMENT_TEAM = 6KE7N9QX2T;
				INFOPLIST_FILE = CMoviez/Info.plist;
				IPHONEOS_DEPLOYMENT_TARGET = 9.0;
				LD_RUNPATH_SEARCH_PATHS = (
					"$(inherited)",
					"@executable_path/Frameworks",
				);
				PRODUCT_BUNDLE_IDENTIFIER = me.jobins.CMoviez;
				PRODUCT_NAME = "$(TARGET_NAME)";
				PROVISIONING_PROFILE = "";
				PROVISIONING_PROFILE_SPECIFIER = "";
				SWIFT_VERSION = 4.0;
				TARGETED_DEVICE_FAMILY = 1;
			};
			name = Release;
		};
		4341E2632084BE3F000F6F2D /* Debug */ = {
			isa = XCBuildConfiguration;
			baseConfigurationReference = CCEA9B3C2A6145D0696BA3BB /* Pods-CMoviezTests.debug.xcconfig */;
			buildSettings = {
				ALWAYS_EMBED_SWIFT_STANDARD_LIBRARIES = YES;
				BUNDLE_LOADER = "$(TEST_HOST)";
				CODE_SIGN_STYLE = Automatic;
				INFOPLIST_FILE = CMoviezTests/Info.plist;
				LD_RUNPATH_SEARCH_PATHS = (
					"$(inherited)",
					"@executable_path/Frameworks",
					"@loader_path/Frameworks",
				);
				PRODUCT_BUNDLE_IDENTIFIER = me.jobins.CMoviezTests;
				PRODUCT_NAME = "$(TARGET_NAME)";
				SWIFT_VERSION = 4.0;
				TARGETED_DEVICE_FAMILY = "1,2";
				TEST_HOST = "$(BUILT_PRODUCTS_DIR)/CMoviez.app/CMoviez";
			};
			name = Debug;
		};
		4341E2642084BE3F000F6F2D /* Release */ = {
			isa = XCBuildConfiguration;
			baseConfigurationReference = E70E9862B16BBEDA67026A40 /* Pods-CMoviezTests.release.xcconfig */;
			buildSettings = {
				ALWAYS_EMBED_SWIFT_STANDARD_LIBRARIES = YES;
				BUNDLE_LOADER = "$(TEST_HOST)";
				CODE_SIGN_STYLE = Automatic;
				INFOPLIST_FILE = CMoviezTests/Info.plist;
				LD_RUNPATH_SEARCH_PATHS = (
					"$(inherited)",
					"@executable_path/Frameworks",
					"@loader_path/Frameworks",
				);
				PRODUCT_BUNDLE_IDENTIFIER = me.jobins.CMoviezTests;
				PRODUCT_NAME = "$(TARGET_NAME)";
				SWIFT_VERSION = 4.0;
				TARGETED_DEVICE_FAMILY = "1,2";
				TEST_HOST = "$(BUILT_PRODUCTS_DIR)/CMoviez.app/CMoviez";
			};
			name = Release;
		};
		4341E2662084BE3F000F6F2D /* Debug */ = {
			isa = XCBuildConfiguration;
			baseConfigurationReference = 0D41F2F4BB2510A9025A091D /* Pods-CMoviezUITests.debug.xcconfig */;
			buildSettings = {
				ALWAYS_EMBED_SWIFT_STANDARD_LIBRARIES = YES;
				CODE_SIGN_STYLE = Automatic;
				INFOPLIST_FILE = CMoviezUITests/Info.plist;
				LD_RUNPATH_SEARCH_PATHS = (
					"$(inherited)",
					"@executable_path/Frameworks",
					"@loader_path/Frameworks",
				);
				PRODUCT_BUNDLE_IDENTIFIER = me.jobins.CMoviezUITests;
				PRODUCT_NAME = "$(TARGET_NAME)";
				SWIFT_VERSION = 4.0;
				TARGETED_DEVICE_FAMILY = "1,2";
				TEST_TARGET_NAME = CMoviez;
			};
			name = Debug;
		};
		4341E2672084BE3F000F6F2D /* Release */ = {
			isa = XCBuildConfiguration;
			baseConfigurationReference = 9F7ED800A551CABC147EE049 /* Pods-CMoviezUITests.release.xcconfig */;
			buildSettings = {
				ALWAYS_EMBED_SWIFT_STANDARD_LIBRARIES = YES;
				CODE_SIGN_STYLE = Automatic;
				INFOPLIST_FILE = CMoviezUITests/Info.plist;
				LD_RUNPATH_SEARCH_PATHS = (
					"$(inherited)",
					"@executable_path/Frameworks",
					"@loader_path/Frameworks",
				);
				PRODUCT_BUNDLE_IDENTIFIER = me.jobins.CMoviezUITests;
				PRODUCT_NAME = "$(TARGET_NAME)";
				SWIFT_VERSION = 4.0;
				TARGETED_DEVICE_FAMILY = "1,2";
				TEST_TARGET_NAME = CMoviez;
			};
			name = Release;
		};
/* End XCBuildConfiguration section */

/* Begin XCConfigurationList section */
		4341E2322084BE3D000F6F2D /* Build configuration list for PBXProject "CMoviez" */ = {
			isa = XCConfigurationList;
			buildConfigurations = (
				4341E25D2084BE3F000F6F2D /* Debug */,
				4341E25E2084BE3F000F6F2D /* Release */,
			);
			defaultConfigurationIsVisible = 0;
			defaultConfigurationName = Release;
		};
		4341E25F2084BE3F000F6F2D /* Build configuration list for PBXNativeTarget "CMoviez" */ = {
			isa = XCConfigurationList;
			buildConfigurations = (
				4341E2602084BE3F000F6F2D /* Debug */,
				4341E2612084BE3F000F6F2D /* Release */,
			);
			defaultConfigurationIsVisible = 0;
			defaultConfigurationName = Release;
		};
		4341E2622084BE3F000F6F2D /* Build configuration list for PBXNativeTarget "CMoviezTests" */ = {
			isa = XCConfigurationList;
			buildConfigurations = (
				4341E2632084BE3F000F6F2D /* Debug */,
				4341E2642084BE3F000F6F2D /* Release */,
			);
			defaultConfigurationIsVisible = 0;
			defaultConfigurationName = Release;
		};
		4341E2652084BE3F000F6F2D /* Build configuration list for PBXNativeTarget "CMoviezUITests" */ = {
			isa = XCConfigurationList;
			buildConfigurations = (
				4341E2662084BE3F000F6F2D /* Debug */,
				4341E2672084BE3F000F6F2D /* Release */,
			);
			defaultConfigurationIsVisible = 0;
			defaultConfigurationName = Release;
		};
/* End XCConfigurationList section */

/* Begin XCVersionGroup section */
		43EDB02C208619A100034353 /* LocalDB.xcdatamodeld */ = {
			isa = XCVersionGroup;
			children = (
				43EDB02D208619A100034353 /* LocalDB.xcdatamodel */,
			);
			currentVersion = 43EDB02D208619A100034353 /* LocalDB.xcdatamodel */;
			path = LocalDB.xcdatamodeld;
			sourceTree = "<group>";
			versionGroupType = wrapper.xcdatamodel;
		};
/* End XCVersionGroup section */
	};
	rootObject = 4341E22F2084BE3D000F6F2D /* Project object */;
}
